// !$*UTF8*$!
{
	archiveVersion = 1;
	classes = {
	};
	objectVersion = 77;
	objects = {

/* Begin PBXContainerItemProxy section */
		22E322712D4D347F009CC1B2 /* PBXContainerItemProxy */ = {
			isa = PBXContainerItemProxy;
			containerPortal = 22E322582D4D347E009CC1B2 /* Project object */;
			proxyType = 1;
			remoteGlobalIDString = 22E3225F2D4D347E009CC1B2;
			remoteInfo = "App de estudo";
		};
		22E3227B2D4D347F009CC1B2 /* PBXContainerItemProxy */ = {
			isa = PBXContainerItemProxy;
			containerPortal = 22E322582D4D347E009CC1B2 /* Project object */;
			proxyType = 1;
			remoteGlobalIDString = 22E3225F2D4D347E009CC1B2;
			remoteInfo = "App de estudo";
		};
/* End PBXContainerItemProxy section */

/* Begin PBXFileReference section */
		22E322602D4D347E009CC1B2 /* App de estudo.app */ = {isa = PBXFileReference; explicitFileType = wrapper.application; includeInIndex = 0; path = "App de estudo.app"; sourceTree = BUILT_PRODUCTS_DIR; };
		22E322702D4D347F009CC1B2 /* App de estudoTests.xctest */ = {isa = PBXFileReference; explicitFileType = wrapper.cfbundle; includeInIndex = 0; path = "App de estudoTests.xctest"; sourceTree = BUILT_PRODUCTS_DIR; };
		22E3227A2D4D347F009CC1B2 /* App de estudoUITests.xctest */ = {isa = PBXFileReference; explicitFileType = wrapper.cfbundle; includeInIndex = 0; path = "App de estudoUITests.xctest"; sourceTree = BUILT_PRODUCTS_DIR; };
/* End PBXFileReference section */

/* Begin PBXFileSystemSynchronizedBuildFileExceptionSet section */
		22157AC62D5BBCCC00A1BF0B /* Exceptions for "App de estudoTests" folder in "App de estudoTests" target */ = {
			isa = PBXFileSystemSynchronizedBuildFileExceptionSet;
			membershipExceptions = (
				"App de estudoUITests/App_de_estudoUITests.swift",
				"App de estudoUITests/App_de_estudoUITestsLaunchTests.swift",
			);
			target = 22E3226F2D4D347F009CC1B2 /* App de estudoTests */;
		};
		22157AC72D5BBCCC00A1BF0B /* Exceptions for "App de estudoTests" folder in "App de estudoUITests" target */ = {
			isa = PBXFileSystemSynchronizedBuildFileExceptionSet;
			membershipExceptions = (
				"App de estudoUITests/App_de_estudoUITests.swift",
				"App de estudoUITests/App_de_estudoUITestsLaunchTests.swift",
			);
			target = 22E322792D4D347F009CC1B2 /* App de estudoUITests */;
		};
		2281B9D32D651ABC00F5AF58 /* Exceptions for "App de estudo" folder in "App de estudo" target */ = {
			isa = PBXFileSystemSynchronizedBuildFileExceptionSet;
			membershipExceptions = (
				Untitled.swift,
			);
			target = 22E3225F2D4D347E009CC1B2 /* App de estudo */;
		};
/* End PBXFileSystemSynchronizedBuildFileExceptionSet section */

/* Begin PBXFileSystemSynchronizedRootGroup section */
		22E322622D4D347E009CC1B2 /* App de estudo */ = {
			isa = PBXFileSystemSynchronizedRootGroup;
			exceptions = (
				2281B9D32D651ABC00F5AF58 /* Exceptions for "App de estudo" folder in "App de estudo" target */,
			);
			path = "App de estudo";
			sourceTree = "<group>";
		};
		22E322732D4D347F009CC1B2 /* App de estudoTests */ = {
			isa = PBXFileSystemSynchronizedRootGroup;
			exceptions = (
				22157AC62D5BBCCC00A1BF0B /* Exceptions for "App de estudoTests" folder in "App de estudoTests" target */,
				22157AC72D5BBCCC00A1BF0B /* Exceptions for "App de estudoTests" folder in "App de estudoUITests" target */,
			);
			path = "App de estudoTests";
			sourceTree = "<group>";
		};
/* End PBXFileSystemSynchronizedRootGroup section */

/* Begin PBXFrameworksBuildPhase section */
		22E3225D2D4D347E009CC1B2 /* Frameworks */ = {
			isa = PBXFrameworksBuildPhase;
			buildActionMask = 2147483647;
			files = (
			);
			runOnlyForDeploymentPostprocessing = 0;
		};
		22E3226D2D4D347F009CC1B2 /* Frameworks */ = {
			isa = PBXFrameworksBuildPhase;
			buildActionMask = 2147483647;
			files = (
			);
			runOnlyForDeploymentPostprocessing = 0;
		};
		22E322772D4D347F009CC1B2 /* Frameworks */ = {
			isa = PBXFrameworksBuildPhase;
			buildActionMask = 2147483647;
			files = (
			);
			runOnlyForDeploymentPostprocessing = 0;
		};
/* End PBXFrameworksBuildPhase section */

/* Begin PBXGroup section */
		22E322572D4D347E009CC1B2 = {
			isa = PBXGroup;
			children = (
				22E322622D4D347E009CC1B2 /* App de estudo */,
				22E322732D4D347F009CC1B2 /* App de estudoTests */,
				22E322612D4D347E009CC1B2 /* Products */,
			);
			sourceTree = "<group>";
		};
		22E322612D4D347E009CC1B2 /* Products */ = {
			isa = PBXGroup;
			children = (
				22E322602D4D347E009CC1B2 /* App de estudo.app */,
				22E322702D4D347F009CC1B2 /* App de estudoTests.xctest */,
				22E3227A2D4D347F009CC1B2 /* App de estudoUITests.xctest */,
			);
			name = Products;
			sourceTree = "<group>";
		};
/* End PBXGroup section */

/* Begin PBXNativeTarget section */
		22E3225F2D4D347E009CC1B2 /* App de estudo */ = {
			isa = PBXNativeTarget;
			buildConfigurationList = 22E322842D4D347F009CC1B2 /* Build configuration list for PBXNativeTarget "App de estudo" */;
			buildPhases = (
				22E3225C2D4D347E009CC1B2 /* Sources */,
				22E3225D2D4D347E009CC1B2 /* Frameworks */,
				22E3225E2D4D347E009CC1B2 /* Resources */,
			);
			buildRules = (
			);
			dependencies = (
			);
			fileSystemSynchronizedGroups = (
				22E322622D4D347E009CC1B2 /* App de estudo */,
			);
			name = "App de estudo";
			packageProductDependencies = (
			);
			productName = "App de estudo";
			productReference = 22E322602D4D347E009CC1B2 /* App de estudo.app */;
			productType = "com.apple.product-type.application";
		};
		22E3226F2D4D347F009CC1B2 /* App de estudoTests */ = {
			isa = PBXNativeTarget;
			buildConfigurationList = 22E322872D4D347F009CC1B2 /* Build configuration list for PBXNativeTarget "App de estudoTests" */;
			buildPhases = (
				22E3226C2D4D347F009CC1B2 /* Sources */,
				22E3226D2D4D347F009CC1B2 /* Frameworks */,
				22E3226E2D4D347F009CC1B2 /* Resources */,
			);
			buildRules = (
			);
			dependencies = (
				22E322722D4D347F009CC1B2 /* PBXTargetDependency */,
			);
			fileSystemSynchronizedGroups = (
				22E322732D4D347F009CC1B2 /* App de estudoTests */,
			);
			name = "App de estudoTests";
			packageProductDependencies = (
			);
			productName = "App de estudoTests";
			productReference = 22E322702D4D347F009CC1B2 /* App de estudoTests.xctest */;
			productType = "com.apple.product-type.bundle.unit-test";
		};
		22E322792D4D347F009CC1B2 /* App de estudoUITests */ = {
			isa = PBXNativeTarget;
			buildConfigurationList = 22E3228A2D4D347F009CC1B2 /* Build configuration list for PBXNativeTarget "App de estudoUITests" */;
			buildPhases = (
				22E322762D4D347F009CC1B2 /* Sources */,
				22E322772D4D347F009CC1B2 /* Frameworks */,
				22E322782D4D347F009CC1B2 /* Resources */,
			);
			buildRules = (
			);
			dependencies = (
				22E3227C2D4D347F009CC1B2 /* PBXTargetDependency */,
			);
			name = "App de estudoUITests";
			packageProductDependencies = (
			);
			productName = "App de estudoUITests";
			productReference = 22E3227A2D4D347F009CC1B2 /* App de estudoUITests.xctest */;
			productType = "com.apple.product-type.bundle.ui-testing";
		};
/* End PBXNativeTarget section */

/* Begin PBXProject section */
		22E322582D4D347E009CC1B2 /* Project object */ = {
			isa = PBXProject;
			attributes = {
				BuildIndependentTargetsInParallel = 1;
				LastSwiftUpdateCheck = 1600;
				LastUpgradeCheck = 1600;
				TargetAttributes = {
					22E3225F2D4D347E009CC1B2 = {
						CreatedOnToolsVersion = 16.0;
					};
					22E3226F2D4D347F009CC1B2 = {
						CreatedOnToolsVersion = 16.0;
						TestTargetID = 22E3225F2D4D347E009CC1B2;
					};
					22E322792D4D347F009CC1B2 = {
						CreatedOnToolsVersion = 16.0;
						TestTargetID = 22E3225F2D4D347E009CC1B2;
					};
				};
			};
			buildConfigurationList = 22E3225B2D4D347E009CC1B2 /* Build configuration list for PBXProject "App de estudo" */;
			developmentRegion = en;
			hasScannedForEncodings = 0;
			knownRegions = (
				en,
				Base,
			);
			mainGroup = 22E322572D4D347E009CC1B2;
			minimizedProjectReferenceProxies = 1;
			preferredProjectObjectVersion = 77;
			productRefGroup = 22E322612D4D347E009CC1B2 /* Products */;
			projectDirPath = "";
			projectRoot = "";
			targets = (
				22E3225F2D4D347E009CC1B2 /* App de estudo */,
				22E3226F2D4D347F009CC1B2 /* App de estudoTests */,
				22E322792D4D347F009CC1B2 /* App de estudoUITests */,
			);
		};
/* End PBXProject section */

/* Begin PBXResourcesBuildPhase section */
		22E3225E2D4D347E009CC1B2 /* Resources */ = {
			isa = PBXResourcesBuildPhase;
			buildActionMask = 2147483647;
			files = (
			);
			runOnlyForDeploymentPostprocessing = 0;
		};
		22E3226E2D4D347F009CC1B2 /* Resources */ = {
			isa = PBXResourcesBuildPhase;
			buildActionMask = 2147483647;
			files = (
			);
			runOnlyForDeploymentPostprocessing = 0;
		};
		22E322782D4D347F009CC1B2 /* Resources */ = {
			isa = PBXResourcesBuildPhase;
			buildActionMask = 2147483647;
			files = (
			);
			runOnlyForDeploymentPostprocessing = 0;
		};
/* End PBXResourcesBuildPhase section */

/* Begin PBXSourcesBuildPhase section */
		22E3225C2D4D347E009CC1B2 /* Sources */ = {
			isa = PBXSourcesBuildPhase;
			buildActionMask = 2147483647;
			files = (
			);
			runOnlyForDeploymentPostprocessing = 0;
		};
		22E3226C2D4D347F009CC1B2 /* Sources */ = {
			isa = PBXSourcesBuildPhase;
			buildActionMask = 2147483647;
			files = (
			);
			runOnlyForDeploymentPostprocessing = 0;
		};
		22E322762D4D347F009CC1B2 /* Sources */ = {
			isa = PBXSourcesBuildPhase;
			buildActionMask = 2147483647;
			files = (
			);
			runOnlyForDeploymentPostprocessing = 0;
		};
/* End PBXSourcesBuildPhase section */

/* Begin PBXTargetDependency section */
		22E322722D4D347F009CC1B2 /* PBXTargetDependency */ = {
			isa = PBXTargetDependency;
			target = 22E3225F2D4D347E009CC1B2 /* App de estudo */;
			targetProxy = 22E322712D4D347F009CC1B2 /* PBXContainerItemProxy */;
		};
		22E3227C2D4D347F009CC1B2 /* PBXTargetDependency */ = {
			isa = PBXTargetDependency;
			target = 22E3225F2D4D347E009CC1B2 /* App de estudo */;
			targetProxy = 22E3227B2D4D347F009CC1B2 /* PBXContainerItemProxy */;
		};
/* End PBXTargetDependency section */

/* Begin XCBuildConfiguration section */
		22E322822D4D347F009CC1B2 /* Debug */ = {
			isa = XCBuildConfiguration;
			buildSettings = {
				ALWAYS_SEARCH_USER_PATHS = NO;
				ASSETCATALOG_COMPILER_GENERATE_SWIFT_ASSET_SYMBOL_EXTENSIONS = YES;
				CLANG_ANALYZER_NONNULL = YES;
				CLANG_ANALYZER_NUMBER_OBJECT_CONVERSION = YES_AGGRESSIVE;
				CLANG_CXX_LANGUAGE_STANDARD = "gnu++20";
				CLANG_ENABLE_MODULES = YES;
				CLANG_ENABLE_OBJC_ARC = YES;
				CLANG_ENABLE_OBJC_WEAK = YES;
				CLANG_WARN_BLOCK_CAPTURE_AUTORELEASING = YES;
				CLANG_WARN_BOOL_CONVERSION = YES;
				CLANG_WARN_COMMA = YES;
				CLANG_WARN_CONSTANT_CONVERSION = YES;
				CLANG_WARN_DEPRECATED_OBJC_IMPLEMENTATIONS = YES;
				CLANG_WARN_DIRECT_OBJC_ISA_USAGE = YES_ERROR;
				CLANG_WARN_DOCUMENTATION_COMMENTS = YES;
				CLANG_WARN_EMPTY_BODY = YES;
				CLANG_WARN_ENUM_CONVERSION = YES;
				CLANG_WARN_INFINITE_RECURSION = YES;
				CLANG_WARN_INT_CONVERSION = YES;
				CLANG_WARN_NON_LITERAL_NULL_CONVERSION = YES;
				CLANG_WARN_OBJC_IMPLICIT_RETAIN_SELF = YES;
				CLANG_WARN_OBJC_LITERAL_CONVERSION = YES;
				CLANG_WARN_OBJC_ROOT_CLASS = YES_ERROR;
				CLANG_WARN_QUOTED_INCLUDE_IN_FRAMEWORK_HEADER = YES;
				CLANG_WARN_RANGE_LOOP_ANALYSIS = YES;
				CLANG_WARN_STRICT_PROTOTYPES = YES;
				CLANG_WARN_SUSPICIOUS_MOVE = YES;
				CLANG_WARN_UNGUARDED_AVAILABILITY = YES_AGGRESSIVE;
				CLANG_WARN_UNREACHABLE_CODE = YES;
				CLANG_WARN__DUPLICATE_METHOD_MATCH = YES;
				COPY_PHASE_STRIP = NO;
				DEBUG_INFORMATION_FORMAT = dwarf;
				ENABLE_STRICT_OBJC_MSGSEND = YES;
				ENABLE_TESTABILITY = YES;
				ENABLE_USER_SCRIPT_SANDBOXING = YES;
				GCC_C_LANGUAGE_STANDARD = gnu17;
				GCC_DYNAMIC_NO_PIC = NO;
				GCC_NO_COMMON_BLOCKS = YES;
				GCC_OPTIMIZATION_LEVEL = 0;
				GCC_PREPROCESSOR_DEFINITIONS = (
					"DEBUG=1",
					"$(inherited)",
				);
				GCC_WARN_64_TO_32_BIT_CONVERSION = YES;
				GCC_WARN_ABOUT_RETURN_TYPE = YES_ERROR;
				GCC_WARN_UNDECLARED_SELECTOR = YES;
				GCC_WARN_UNINITIALIZED_AUTOS = YES_AGGRESSIVE;
				GCC_WARN_UNUSED_FUNCTION = YES;
				GCC_WARN_UNUSED_VARIABLE = YES;
				IPHONEOS_DEPLOYMENT_TARGET = 18.0;
				LOCALIZATION_PREFERS_STRING_CATALOGS = YES;
				MTL_ENABLE_DEBUG_INFO = INCLUDE_SOURCE;
				MTL_FAST_MATH = YES;
				ONLY_ACTIVE_ARCH = YES;
				SDKROOT = iphoneos;
				SWIFT_ACTIVE_COMPILATION_CONDITIONS = "DEBUG $(inherited)";
				SWIFT_OPTIMIZATION_LEVEL = "-Onone";
			};
			name = Debug;
		};
		22E322832D4D347F009CC1B2 /* Release */ = {
			isa = XCBuildConfiguration;
			buildSettings = {
				ALWAYS_SEARCH_USER_PATHS = NO;
				ASSETCATALOG_COMPILER_GENERATE_SWIFT_ASSET_SYMBOL_EXTENSIONS = YES;
				CLANG_ANALYZER_NONNULL = YES;
				CLANG_ANALYZER_NUMBER_OBJECT_CONVERSION = YES_AGGRESSIVE;
				CLANG_CXX_LANGUAGE_STANDARD = "gnu++20";
				CLANG_ENABLE_MODULES = YES;
				CLANG_ENABLE_OBJC_ARC = YES;
				CLANG_ENABLE_OBJC_WEAK = YES;
				CLANG_WARN_BLOCK_CAPTURE_AUTORELEASING = YES;
				CLANG_WARN_BOOL_CONVERSION = YES;
				CLANG_WARN_COMMA = YES;
				CLANG_WARN_CONSTANT_CONVERSION = YES;
				CLANG_WARN_DEPRECATED_OBJC_IMPLEMENTATIONS = YES;
				CLANG_WARN_DIRECT_OBJC_ISA_USAGE = YES_ERROR;
				CLANG_WARN_DOCUMENTATION_COMMENTS = YES;
				CLANG_WARN_EMPTY_BODY = YES;
				CLANG_WARN_ENUM_CONVERSION = YES;
				CLANG_WARN_INFINITE_RECURSION = YES;
				CLANG_WARN_INT_CONVERSION = YES;
				CLANG_WARN_NON_LITERAL_NULL_CONVERSION = YES;
				CLANG_WARN_OBJC_IMPLICIT_RETAIN_SELF = YES;
				CLANG_WARN_OBJC_LITERAL_CONVERSION = YES;
				CLANG_WARN_OBJC_ROOT_CLASS = YES_ERROR;
				CLANG_WARN_QUOTED_INCLUDE_IN_FRAMEWORK_HEADER = YES;
				CLANG_WARN_RANGE_LOOP_ANALYSIS = YES;
				CLANG_WARN_STRICT_PROTOTYPES = YES;
				CLANG_WARN_SUSPICIOUS_MOVE = YES;
				CLANG_WARN_UNGUARDED_AVAILABILITY = YES_AGGRESSIVE;
				CLANG_WARN_UNREACHABLE_CODE = YES;
				CLANG_WARN__DUPLICATE_METHOD_MATCH = YES;
				COPY_PHASE_STRIP = NO;
				DEBUG_INFORMATION_FORMAT = "dwarf-with-dsym";
				ENABLE_NS_ASSERTIONS = NO;
				ENABLE_STRICT_OBJC_MSGSEND = YES;
				ENABLE_USER_SCRIPT_SANDBOXING = YES;
				GCC_C_LANGUAGE_STANDARD = gnu17;
				GCC_NO_COMMON_BLOCKS = YES;
				GCC_WARN_64_TO_32_BIT_CONVERSION = YES;
				GCC_WARN_ABOUT_RETURN_TYPE = YES_ERROR;
				GCC_WARN_UNDECLARED_SELECTOR = YES;
				GCC_WARN_UNINITIALIZED_AUTOS = YES_AGGRESSIVE;
				GCC_WARN_UNUSED_FUNCTION = YES;
				GCC_WARN_UNUSED_VARIABLE = YES;
				IPHONEOS_DEPLOYMENT_TARGET = 18.0;
				LOCALIZATION_PREFERS_STRING_CATALOGS = YES;
				MTL_ENABLE_DEBUG_INFO = NO;
				MTL_FAST_MATH = YES;
				SDKROOT = iphoneos;
				SWIFT_COMPILATION_MODE = wholemodule;
				VALIDATE_PRODUCT = YES;
			};
			name = Release;
		};
		22E322852D4D347F009CC1B2 /* Debug */ = {
			isa = XCBuildConfiguration;
			buildSettings = {
				ASSETCATALOG_COMPILER_APPICON_NAME = AppIcon;
				ASSETCATALOG_COMPILER_GLOBAL_ACCENT_COLOR_NAME = AccentColor;
				CODE_SIGN_STYLE = Automatic;
				CURRENT_PROJECT_VERSION = 1;
				DEVELOPMENT_ASSET_PATHS = "\"App de estudo/Preview Content\"";
				ENABLE_PREVIEWS = YES;
				GENERATE_INFOPLIST_FILE = YES;
				INFOPLIST_KEY_CFBundleDisplayName = "Estude+";
				INFOPLIST_KEY_UIApplicationSceneManifest_Generation = YES;
				INFOPLIST_KEY_UIApplicationSupportsIndirectInputEvents = YES;
				INFOPLIST_KEY_UILaunchScreen_Generation = YES;
				INFOPLIST_KEY_UISupportedInterfaceOrientations_iPad = "UIInterfaceOrientationPortrait UIInterfaceOrientationPortraitUpsideDown UIInterfaceOrientationLandscapeLeft UIInterfaceOrientationLandscapeRight";
				INFOPLIST_KEY_UISupportedInterfaceOrientations_iPhone = "UIInterfaceOrientationPortrait UIInterfaceOrientationLandscapeLeft UIInterfaceOrientationLandscapeRight";
				LD_RUNPATH_SEARCH_PATHS = (
					"$(inherited)",
					"@executable_path/Frameworks",
				);
				MARKETING_VERSION = 1.0;
				PRODUCT_BUNDLE_IDENTIFIER = "estude--.App-de-estudo";
				PRODUCT_NAME = "$(TARGET_NAME)";
				SWIFT_EMIT_LOC_STRINGS = YES;
				SWIFT_VERSION = 5.0;
				TARGETED_DEVICE_FAMILY = "1,2";
			};
			name = Debug;
		};
		22E322862D4D347F009CC1B2 /* Release */ = {
			isa = XCBuildConfiguration;
			buildSettings = {
				ASSETCATALOG_COMPILER_APPICON_NAME = AppIcon;
				ASSETCATALOG_COMPILER_GLOBAL_ACCENT_COLOR_NAME = AccentColor;
				CODE_SIGN_STYLE = Automatic;
				CURRENT_PROJECT_VERSION = 1;
				DEVELOPMENT_ASSET_PATHS = "\"App de estudo/Preview Content\"";
				ENABLE_PREVIEWS = YES;
				GENERATE_INFOPLIST_FILE = YES;
				INFOPLIST_KEY_CFBundleDisplayName = "Estude+";
				INFOPLIST_KEY_UIApplicationSceneManifest_Generation = YES;
				INFOPLIST_KEY_UIApplicationSupportsIndirectInputEvents = YES;
				INFOPLIST_KEY_UILaunchScreen_Generation = YES;
				INFOPLIST_KEY_UISupportedInterfaceOrientations_iPad = "UIInterfaceOrientationPortrait UIInterfaceOrientationPortraitUpsideDown UIInterfaceOrientationLandscapeLeft UIInterfaceOrientationLandscapeRight";
				INFOPLIST_KEY_UISupportedInterfaceOrientations_iPhone = "UIInterfaceOrientationPortrait UIInterfaceOrientationLandscapeLeft UIInterfaceOrientationLandscapeRight";
				LD_RUNPATH_SEARCH_PATHS = (
					"$(inherited)",
					"@executable_path/Frameworks",
				);
				MARKETING_VERSION = 1.0;
				PRODUCT_BUNDLE_IDENTIFIER = "estude--.App-de-estudo";
				PRODUCT_NAME = "$(TARGET_NAME)";
				SWIFT_EMIT_LOC_STRINGS = YES;
				SWIFT_VERSION = 5.0;
				TARGETED_DEVICE_FAMILY = "1,2";
			};
			name = Release;
		};
		22E322882D4D347F009CC1B2 /* Debug */ = {
			isa = XCBuildConfiguration;
			buildSettings = {
				BUNDLE_LOADER = "$(TEST_HOST)";
				CODE_SIGN_STYLE = Automatic;
				CURRENT_PROJECT_VERSION = 1;
				GENERATE_INFOPLIST_FILE = YES;
				IPHONEOS_DEPLOYMENT_TARGET = 18.0;
				MARKETING_VERSION = 1.0;
				PRODUCT_BUNDLE_IDENTIFIER = "estude--.App-de-estudoTests";
				PRODUCT_NAME = "$(TARGET_NAME)";
				SWIFT_EMIT_LOC_STRINGS = NO;
				SWIFT_VERSION = 5.0;
				TARGETED_DEVICE_FAMILY = "1,2";
				TEST_HOST = "$(BUILT_PRODUCTS_DIR)/App de estudo.app/$(BUNDLE_EXECUTABLE_FOLDER_PATH)/App de estudo";
			};
			name = Debug;
		};
		22E322892D4D347F009CC1B2 /* Release */ = {
			isa = XCBuildConfiguration;
			buildSettings = {
				BUNDLE_LOADER = "$(TEST_HOST)";
				CODE_SIGN_STYLE = Automatic;
				CURRENT_PROJECT_VERSION = 1;
				GENERATE_INFOPLIST_FILE = YES;
				IPHONEOS_DEPLOYMENT_TARGET = 18.0;
				MARKETING_VERSION = 1.0;
				PRODUCT_BUNDLE_IDENTIFIER = "estude--.App-de-estudoTests";
				PRODUCT_NAME = "$(TARGET_NAME)";
				SWIFT_EMIT_LOC_STRINGS = NO;
				SWIFT_VERSION = 5.0;
				TARGETED_DEVICE_FAMILY = "1,2";
				TEST_HOST = "$(BUILT_PRODUCTS_DIR)/App de estudo.app/$(BUNDLE_EXECUTABLE_FOLDER_PATH)/App de estudo";
			};
			name = Release;
		};
		22E3228B2D4D347F009CC1B2 /* Debug */ = {
			isa = XCBuildConfiguration;
			buildSettings = {
				CODE_SIGN_STYLE = Automatic;
				CURRENT_PROJECT_VERSION = 1;
				GENERATE_INFOPLIST_FILE = YES;
				MARKETING_VERSION = 1.0;
				PRODUCT_BUNDLE_IDENTIFIER = "estude--.App-de-estudoUITests";
				PRODUCT_NAME = "$(TARGET_NAME)";
				SWIFT_EMIT_LOC_STRINGS = NO;
				SWIFT_VERSION = 5.0;
				TARGETED_DEVICE_FAMILY = "1,2";
				TEST_TARGET_NAME = "App de estudo";
			};
			name = Debug;
		};
		22E3228C2D4D347F009CC1B2 /* Release */ = {
			isa = XCBuildConfiguration;
			buildSettings = {
				CODE_SIGN_STYLE = Automatic;
				CURRENT_PROJECT_VERSION = 1;
				GENERATE_INFOPLIST_FILE = YES;
				MARKETING_VERSION = 1.0;
				PRODUCT_BUNDLE_IDENTIFIER = "estude--.App-de-estudoUITests";
				PRODUCT_NAME = "$(TARGET_NAME)";
				SWIFT_EMIT_LOC_STRINGS = NO;
				SWIFT_VERSION = 5.0;
				TARGETED_DEVICE_FAMILY = "1,2";
				TEST_TARGET_NAME = "App de estudo";
			};
			name = Release;
		};
/* End XCBuildConfiguration section */

/* Begin XCConfigurationList section */
		22E3225B2D4D347E009CC1B2 /* Build configuration list for PBXProject "App de estudo" */ = {
			isa = XCConfigurationList;
			buildConfigurations = (
				22E322822D4D347F009CC1B2 /* Debug */,
				22E322832D4D347F009CC1B2 /* Release */,
			);
			defaultConfigurationIsVisible = 0;
			defaultConfigurationName = Release;
		};
		22E322842D4D347F009CC1B2 /* Build configuration list for PBXNativeTarget "App de estudo" */ = {
			isa = XCConfigurationList;
			buildConfigurations = (
				22E322852D4D347F009CC1B2 /* Debug */,
				22E322862D4D347F009CC1B2 /* Release */,
			);
			defaultConfigurationIsVisible = 0;
			defaultConfigurationName = Release;
		};
		22E322872D4D347F009CC1B2 /* Build configuration list for PBXNativeTarget "App de estudoTests" */ = {
			isa = XCConfigurationList;
			buildConfigurations = (
				22E322882D4D347F009CC1B2 /* Debug */,
				22E322892D4D347F009CC1B2 /* Release */,
			);
			defaultConfigurationIsVisible = 0;
			defaultConfigurationName = Release;
		};
		22E3228A2D4D347F009CC1B2 /* Build configuration list for PBXNativeTarget "App de estudoUITests" */ = {
			isa = XCConfigurationList;
			buildConfigurations = (
				22E3228B2D4D347F009CC1B2 /* Debug */,
				22E3228C2D4D347F009CC1B2 /* Release */,
			);
			defaultConfigurationIsVisible = 0;
			defaultConfigurationName = Release;
		};
/* End XCConfigurationList section */
	};
	rootObject = 22E322582D4D347E009CC1B2 /* Project object */;
}
